
Microsoft Visual Studio Solution File, Format Version 12.00
# Visual Studio Version 17
VisualStudioVersion = 17.3.32929.385
MinimumVisualStudioVersion = 10.0.40219.1
Project("{9A19103F-16F7-4668-BE54-9A1E7A4F7556}") = "JustInTime.DAL", "JustInTime.DAL\JustInTime.DAL.csproj", "{A692B067-3393-470E-8B95-B74A491C7B1F}"
EndProject
Project("{9A19103F-16F7-4668-BE54-9A1E7A4F7556}") = "JustInTime.BLL", "JustInTime.BLL\JustInTime.BLL.csproj", "{B46DBB39-722C-4496-B410-9264FD242008}"
EndProject
Project("{FAE04EC0-301F-11D3-BF4B-00C04F79EFBC}") = "JustInTime.WebApp", "JustInTime.WebApp\JustInTime.WebApp.csproj", "{61E063B8-4F11-4312-B535-79AA4E0C1CF7}"
EndProject
Global
	GlobalSection(SolutionConfigurationPlatforms) = preSolution
		Debug|Any CPU = Debug|Any CPU
		Release|Any CPU = Release|Any CPU
	EndGlobalSection
	GlobalSection(ProjectConfigurationPlatforms) = postSolution
		{A692B067-3393-470E-8B95-B74A491C7B1F}.Debug|Any CPU.ActiveCfg = Debug|Any CPU
		{A692B067-3393-470E-8B95-B74A491C7B1F}.Debug|Any CPU.Build.0 = Debug|Any CPU
		{A692B067-3393-470E-8B95-B74A491C7B1F}.Release|Any CPU.ActiveCfg = Release|Any CPU
		{A692B067-3393-470E-8B95-B74A491C7B1F}.Release|Any CPU.Build.0 = Release|Any CPU
		{B46DBB39-722C-4496-B410-9264FD242008}.Debug|Any CPU.ActiveCfg = Debug|Any CPU
		{B46DBB39-722C-4496-B410-9264FD242008}.Debug|Any CPU.Build.0 = Debug|Any CPU
		{B46DBB39-722C-4496-B410-9264FD242008}.Release|Any CPU.ActiveCfg = Release|Any CPU
		{B46DBB39-722C-4496-B410-9264FD242008}.Release|Any CPU.Build.0 = Release|Any CPU
		{61E063B8-4F11-4312-B535-79AA4E0C1CF7}.Debug|Any CPU.ActiveCfg = Debug|Any CPU
		{61E063B8-4F11-4312-B535-79AA4E0C1CF7}.Debug|Any CPU.Build.0 = Debug|Any CPU
		{61E063B8-4F11-4312-B535-79AA4E0C1CF7}.Release|Any CPU.ActiveCfg = Release|Any CPU
		{61E063B8-4F11-4312-B535-79AA4E0C1CF7}.Release|Any CPU.Build.0 = Release|Any CPU
	EndGlobalSection
	GlobalSection(SolutionProperties) = preSolution
		HideSolutionNode = FALSE
	EndGlobalSection
	GlobalSection(ExtensibilityGlobals) = postSolution
		SolutionGuid = {E5ECF1AC-2695-4A8E-BC15-F681AFF16F9D}
	EndGlobalSection
EndGlobal
